
Microsoft Visual Studio Solution File, Format Version 12.00
# Visual Studio Version 17
VisualStudioVersion = 17.1.32319.34
MinimumVisualStudioVersion = 10.0.40219.1
Project("{FAE04EC0-301F-11D3-BF4B-00C04F79EFBC}") = "SqliteAdoDotNet", "SqliteAdoDotNet\SqliteAdoDotNet.csproj", "{B2CD72FF-08D4-455C-AB60-B2325C1E6FCF}"
EndProject
Project("{FAE04EC0-301F-11D3-BF4B-00C04F79EFBC}") = "SqliteEF6", "SqliteEF6\SqliteEF6.csproj", "{757A13CC-FB34-4BF3-ACD5-D7D415E735E2}"
EndProject
Global
	GlobalSection(SolutionConfigurationPlatforms) = preSolution
		Debug|Any CPU = Debug|Any CPU
		Release|Any CPU = Release|Any CPU
	EndGlobalSection
	GlobalSection(ProjectConfigurationPlatforms) = postSolution
		{B2CD72FF-08D4-455C-AB60-B2325C1E6FCF}.Debug|Any CPU.ActiveCfg = Debug|Any CPU
		{B2CD72FF-08D4-455C-AB60-B2325C1E6FCF}.Debug|Any CPU.Build.0 = Debug|Any CPU
		{B2CD72FF-08D4-455C-AB60-B2325C1E6FCF}.Release|Any CPU.ActiveCfg = Release|Any CPU
		{B2CD72FF-08D4-455C-AB60-B2325C1E6FCF}.Release|Any CPU.Build.0 = Release|Any CPU
		{757A13CC-FB34-4BF3-ACD5-D7D415E735E2}.Debug|Any CPU.ActiveCfg = Debug|Any CPU
		{757A13CC-FB34-4BF3-ACD5-D7D415E735E2}.Debug|Any CPU.Build.0 = Debug|Any CPU
		{757A13CC-FB34-4BF3-ACD5-D7D415E735E2}.Release|Any CPU.ActiveCfg = Release|Any CPU
		{757A13CC-FB34-4BF3-ACD5-D7D415E735E2}.Release|Any CPU.Build.0 = Release|Any CPU
	EndGlobalSection
	GlobalSection(SolutionProperties) = preSolution
		HideSolutionNode = FALSE
	EndGlobalSection
	GlobalSection(ExtensibilityGlobals) = postSolution
		SolutionGuid = {DA131EC1-3557-4721-9C94-B3149025F12B}
	EndGlobalSection
EndGlobal
